
Microsoft Visual Studio Solution File, Format Version 12.00
# Visual Studio 2012
Project("{FAE04EC0-301F-11D3-BF4B-00C04F79EFBC}") = "manders_v2", "manders_v2\manders_v2.csproj", "{C9122489-F34E-46DD-A3C2-2D1A544307D6}"
EndProject
Global
	GlobalSection(SolutionConfigurationPlatforms) = preSolution
		Debug|Any CPU = Debug|Any CPU
		Release|Any CPU = Release|Any CPU
	EndGlobalSection
	GlobalSection(ProjectConfigurationPlatforms) = postSolution
		{C9122489-F34E-46DD-A3C2-2D1A544307D6}.Debug|Any CPU.ActiveCfg = Debug|Any CPU
		{C9122489-F34E-46DD-A3C2-2D1A544307D6}.Debug|Any CPU.Build.0 = Debug|Any CPU
		{C9122489-F34E-46DD-A3C2-2D1A544307D6}.Release|Any CPU.ActiveCfg = Release|Any CPU
		{C9122489-F34E-46DD-A3C2-2D1A544307D6}.Release|Any CPU.Build.0 = Release|Any CPU
	EndGlobalSection
	GlobalSection(SolutionProperties) = preSolution
		HideSolutionNode = FALSE
	EndGlobalSection
EndGlobal
